
Microsoft Visual Studio Solution File, Format Version 12.00
# Visual Studio 2013
VisualStudioVersion = 12.0.21005.1
MinimumVisualStudioVersion = 10.0.40219.1
Project("{FAE04EC0-301F-11D3-BF4B-00C04F79EFBC}") = "WallPostByTechBrij", "WallPostByTechBrij\WallPostByTechBrij.csproj", "{A3664112-A2B0-438E-B5D8-995D8B18BF1A}"
EndProject
Project("{FAE04EC0-301F-11D3-BF4B-00C04F79EFBC}") = "PhimHang_Lookup", "PhimHang_Lookup\PhimHang_Lookup.csproj", "{86D3BEB3-9600-4B3B-B00F-E9981252027D}"
EndProject
Global
	GlobalSection(SolutionConfigurationPlatforms) = preSolution
		Debug|Any CPU = Debug|Any CPU
		Release|Any CPU = Release|Any CPU
	EndGlobalSection
	GlobalSection(ProjectConfigurationPlatforms) = postSolution
		{A3664112-A2B0-438E-B5D8-995D8B18BF1A}.Debug|Any CPU.ActiveCfg = Debug|Any CPU
		{A3664112-A2B0-438E-B5D8-995D8B18BF1A}.Debug|Any CPU.Build.0 = Debug|Any CPU
		{A3664112-A2B0-438E-B5D8-995D8B18BF1A}.Release|Any CPU.ActiveCfg = Release|Any CPU
		{A3664112-A2B0-438E-B5D8-995D8B18BF1A}.Release|Any CPU.Build.0 = Release|Any CPU
		{86D3BEB3-9600-4B3B-B00F-E9981252027D}.Debug|Any CPU.ActiveCfg = Debug|Any CPU
		{86D3BEB3-9600-4B3B-B00F-E9981252027D}.Debug|Any CPU.Build.0 = Debug|Any CPU
		{86D3BEB3-9600-4B3B-B00F-E9981252027D}.Release|Any CPU.ActiveCfg = Release|Any CPU
		{86D3BEB3-9600-4B3B-B00F-E9981252027D}.Release|Any CPU.Build.0 = Release|Any CPU
	EndGlobalSection
	GlobalSection(SolutionProperties) = preSolution
		HideSolutionNode = FALSE
	EndGlobalSection
EndGlobal
